
Microsoft Visual Studio Solution File, Format Version 12.00
# Visual Studio 15
VisualStudioVersion = 15.0.26124.0
MinimumVisualStudioVersion = 15.0.26124.0
Project("{2150E333-8FDC-42A3-9474-1A3956D46DE8}") = "Source", "Source", "{FE8ED0E0-8648-4F72-8413-69413B89DF9D}"
EndProject
Project("{FAE04EC0-301F-11D3-BF4B-00C04F79EFBC}") = "BuckeyeStore.Core", "Source\BuckeyeStore.Core\BuckeyeStore.Core.csproj", "{9DE4432A-7D21-47A2-B303-DB76352D12DC}"
EndProject
Project("{2150E333-8FDC-42A3-9474-1A3956D46DE8}") = "Tests", "Tests", "{83F0CBF0-4F29-4ADB-98D6-B024DA211BD8}"
EndProject
Project("{FAE04EC0-301F-11D3-BF4B-00C04F79EFBC}") = "BuckeyeStore.Core.Tests", "Tests\BuckeyeStore.Core.Tests\BuckeyeStore.Core.Tests.csproj", "{07ABDCFB-9AF9-4D58-8BE4-9BF66BF5C045}"
EndProject
Global
	GlobalSection(SolutionConfigurationPlatforms) = preSolution
		Debug|Any CPU = Debug|Any CPU
		Debug|x64 = Debug|x64
		Debug|x86 = Debug|x86
		Release|Any CPU = Release|Any CPU
		Release|x64 = Release|x64
		Release|x86 = Release|x86
	EndGlobalSection
	GlobalSection(SolutionProperties) = preSolution
		HideSolutionNode = FALSE
	EndGlobalSection
	GlobalSection(ProjectConfigurationPlatforms) = postSolution
		{9DE4432A-7D21-47A2-B303-DB76352D12DC}.Debug|Any CPU.ActiveCfg = Debug|Any CPU
		{9DE4432A-7D21-47A2-B303-DB76352D12DC}.Debug|Any CPU.Build.0 = Debug|Any CPU
		{9DE4432A-7D21-47A2-B303-DB76352D12DC}.Debug|x64.ActiveCfg = Debug|x64
		{9DE4432A-7D21-47A2-B303-DB76352D12DC}.Debug|x64.Build.0 = Debug|x64
		{9DE4432A-7D21-47A2-B303-DB76352D12DC}.Debug|x86.ActiveCfg = Debug|x86
		{9DE4432A-7D21-47A2-B303-DB76352D12DC}.Debug|x86.Build.0 = Debug|x86
		{9DE4432A-7D21-47A2-B303-DB76352D12DC}.Release|Any CPU.ActiveCfg = Release|Any CPU
		{9DE4432A-7D21-47A2-B303-DB76352D12DC}.Release|Any CPU.Build.0 = Release|Any CPU
		{9DE4432A-7D21-47A2-B303-DB76352D12DC}.Release|x64.ActiveCfg = Release|x64
		{9DE4432A-7D21-47A2-B303-DB76352D12DC}.Release|x64.Build.0 = Release|x64
		{9DE4432A-7D21-47A2-B303-DB76352D12DC}.Release|x86.ActiveCfg = Release|x86
		{9DE4432A-7D21-47A2-B303-DB76352D12DC}.Release|x86.Build.0 = Release|x86
		{07ABDCFB-9AF9-4D58-8BE4-9BF66BF5C045}.Debug|Any CPU.ActiveCfg = Debug|Any CPU
		{07ABDCFB-9AF9-4D58-8BE4-9BF66BF5C045}.Debug|Any CPU.Build.0 = Debug|Any CPU
		{07ABDCFB-9AF9-4D58-8BE4-9BF66BF5C045}.Debug|x64.ActiveCfg = Debug|x64
		{07ABDCFB-9AF9-4D58-8BE4-9BF66BF5C045}.Debug|x64.Build.0 = Debug|x64
		{07ABDCFB-9AF9-4D58-8BE4-9BF66BF5C045}.Debug|x86.ActiveCfg = Debug|x86
		{07ABDCFB-9AF9-4D58-8BE4-9BF66BF5C045}.Debug|x86.Build.0 = Debug|x86
		{07ABDCFB-9AF9-4D58-8BE4-9BF66BF5C045}.Release|Any CPU.ActiveCfg = Release|Any CPU
		{07ABDCFB-9AF9-4D58-8BE4-9BF66BF5C045}.Release|Any CPU.Build.0 = Release|Any CPU
		{07ABDCFB-9AF9-4D58-8BE4-9BF66BF5C045}.Release|x64.ActiveCfg = Release|x64
		{07ABDCFB-9AF9-4D58-8BE4-9BF66BF5C045}.Release|x64.Build.0 = Release|x64
		{07ABDCFB-9AF9-4D58-8BE4-9BF66BF5C045}.Release|x86.ActiveCfg = Release|x86
		{07ABDCFB-9AF9-4D58-8BE4-9BF66BF5C045}.Release|x86.Build.0 = Release|x86
	EndGlobalSection
	GlobalSection(NestedProjects) = preSolution
		{9DE4432A-7D21-47A2-B303-DB76352D12DC} = {FE8ED0E0-8648-4F72-8413-69413B89DF9D}
		{07ABDCFB-9AF9-4D58-8BE4-9BF66BF5C045} = {83F0CBF0-4F29-4ADB-98D6-B024DA211BD8}
	EndGlobalSection
EndGlobal
